
Microsoft Visual Studio Solution File, Format Version 12.00
# Visual Studio Version 16
VisualStudioVersion = 16.0.30621.155
MinimumVisualStudioVersion = 10.0.40219.1
Project("{FAE04EC0-301F-11D3-BF4B-00C04F79EFBC}") = "Chester", "Chester\Chester.csproj", "{0A35B2D8-D61E-4558-8C03-E379566E94BC}"
EndProject
Global
	GlobalSection(SolutionConfigurationPlatforms) = preSolution
		Debug|Any CPU = Debug|Any CPU
		Release|Any CPU = Release|Any CPU
	EndGlobalSection
	GlobalSection(ProjectConfigurationPlatforms) = postSolution
		{0A35B2D8-D61E-4558-8C03-E379566E94BC}.Debug|Any CPU.ActiveCfg = Debug|Any CPU
		{0A35B2D8-D61E-4558-8C03-E379566E94BC}.Debug|Any CPU.Build.0 = Debug|Any CPU
		{0A35B2D8-D61E-4558-8C03-E379566E94BC}.Release|Any CPU.ActiveCfg = Release|Any CPU
		{0A35B2D8-D61E-4558-8C03-E379566E94BC}.Release|Any CPU.Build.0 = Release|Any CPU
	EndGlobalSection
	GlobalSection(SolutionProperties) = preSolution
		HideSolutionNode = FALSE
	EndGlobalSection
	GlobalSection(ExtensibilityGlobals) = postSolution
		SolutionGuid = {02A02776-20A1-4747-99CC-C2C543AD2AEB}
	EndGlobalSection
EndGlobal
